
Microsoft Visual Studio Solution File, Format Version 12.00
# Visual Studio Version 17
VisualStudioVersion = 17.1.32127.271
MinimumVisualStudioVersion = 10.0.40219.1
Project("{9A19103F-16F7-4668-BE54-9A1E7A4F7556}") = "Tangy.Web.Server", "Tangy.Web.Server\Tangy.Web.Server.csproj", "{D5637ED4-77FB-442F-9D56-7C6B4ACE4616}"
EndProject
Project("{9A19103F-16F7-4668-BE54-9A1E7A4F7556}") = "Tangy.Web.Client", "Tangy.Web.Client\Tangy.Web.Client.csproj", "{4F09CC53-0516-4232-9B13-2D5D9F191D29}"
EndProject
Project("{9A19103F-16F7-4668-BE54-9A1E7A4F7556}") = "Tangy.Models", "Tangy.Models\Tangy.Models.csproj", "{78C5FEF6-8ECF-4EE4-884B-CC222DE09640}"
EndProject
Global
	GlobalSection(SolutionConfigurationPlatforms) = preSolution
		Debug|Any CPU = Debug|Any CPU
		Release|Any CPU = Release|Any CPU
	EndGlobalSection
	GlobalSection(ProjectConfigurationPlatforms) = postSolution
		{D5637ED4-77FB-442F-9D56-7C6B4ACE4616}.Debug|Any CPU.ActiveCfg = Debug|Any CPU
		{D5637ED4-77FB-442F-9D56-7C6B4ACE4616}.Debug|Any CPU.Build.0 = Debug|Any CPU
		{D5637ED4-77FB-442F-9D56-7C6B4ACE4616}.Release|Any CPU.ActiveCfg = Release|Any CPU
		{D5637ED4-77FB-442F-9D56-7C6B4ACE4616}.Release|Any CPU.Build.0 = Release|Any CPU
		{4F09CC53-0516-4232-9B13-2D5D9F191D29}.Debug|Any CPU.ActiveCfg = Debug|Any CPU
		{4F09CC53-0516-4232-9B13-2D5D9F191D29}.Debug|Any CPU.Build.0 = Debug|Any CPU
		{4F09CC53-0516-4232-9B13-2D5D9F191D29}.Release|Any CPU.ActiveCfg = Release|Any CPU
		{4F09CC53-0516-4232-9B13-2D5D9F191D29}.Release|Any CPU.Build.0 = Release|Any CPU
		{78C5FEF6-8ECF-4EE4-884B-CC222DE09640}.Debug|Any CPU.ActiveCfg = Debug|Any CPU
		{78C5FEF6-8ECF-4EE4-884B-CC222DE09640}.Debug|Any CPU.Build.0 = Debug|Any CPU
		{78C5FEF6-8ECF-4EE4-884B-CC222DE09640}.Release|Any CPU.ActiveCfg = Release|Any CPU
		{78C5FEF6-8ECF-4EE4-884B-CC222DE09640}.Release|Any CPU.Build.0 = Release|Any CPU
	EndGlobalSection
	GlobalSection(SolutionProperties) = preSolution
		HideSolutionNode = FALSE
	EndGlobalSection
	GlobalSection(ExtensibilityGlobals) = postSolution
		SolutionGuid = {7C7A36D7-5B68-434E-81B3-3ED09679F17C}
	EndGlobalSection
EndGlobal
